// !$*UTF8*$!
{
	archiveVersion = 1;
	classes = {
	};
	objectVersion = 50;
	objects = {

/* Begin PBXBuildFile section */
		29ABFEDC23D7A4A500293A78 /* AppDelegate.swift in Sources */ = {isa = PBXBuildFile; fileRef = 29ABFEDB23D7A4A500293A78 /* AppDelegate.swift */; };
		29ABFEDE23D7A4A500293A78 /* SceneDelegate.swift in Sources */ = {isa = PBXBuildFile; fileRef = 29ABFEDD23D7A4A500293A78 /* SceneDelegate.swift */; };
		29ABFEE123D7A4A500293A78 /* Bookworm.xcdatamodeld in Sources */ = {isa = PBXBuildFile; fileRef = 29ABFEDF23D7A4A500293A78 /* Bookworm.xcdatamodeld */; };
		29ABFEE323D7A4A500293A78 /* ContentView.swift in Sources */ = {isa = PBXBuildFile; fileRef = 29ABFEE223D7A4A500293A78 /* ContentView.swift */; };
		29ABFEE523D7A4A600293A78 /* Assets.xcassets in Resources */ = {isa = PBXBuildFile; fileRef = 29ABFEE423D7A4A600293A78 /* Assets.xcassets */; };
		29ABFEE823D7A4A600293A78 /* Preview Assets.xcassets in Resources */ = {isa = PBXBuildFile; fileRef = 29ABFEE723D7A4A600293A78 /* Preview Assets.xcassets */; };
		29ABFEEB23D7A4A600293A78 /* LaunchScreen.storyboard in Resources */ = {isa = PBXBuildFile; fileRef = 29ABFEE923D7A4A600293A78 /* LaunchScreen.storyboard */; };
		69741B7623DBAA2B002C5EA3 /* RatingView.swift in Sources */ = {isa = PBXBuildFile; fileRef = 69741B7523DBAA2B002C5EA3 /* RatingView.swift */; };
		69741B7823DBC023002C5EA3 /* EmojiRatingView.swift in Sources */ = {isa = PBXBuildFile; fileRef = 69741B7723DBC023002C5EA3 /* EmojiRatingView.swift */; };
		6977F0F123DB7E9D006E1A97 /* AddBookView.swift in Sources */ = {isa = PBXBuildFile; fileRef = 6977F0F023DB7E9D006E1A97 /* AddBookView.swift */; };
		69CCA04523DDC4870060020D /* DetailView.swift in Sources */ = {isa = PBXBuildFile; fileRef = 69CCA04423DDC4870060020D /* DetailView.swift */; };
/* End PBXBuildFile section */

/* Begin PBXFileReference section */
		29ABFED823D7A4A500293A78 /* Bookworm.app */ = {isa = PBXFileReference; explicitFileType = wrapper.application; includeInIndex = 0; path = Bookworm.app; sourceTree = BUILT_PRODUCTS_DIR; };
		29ABFEDB23D7A4A500293A78 /* AppDelegate.swift */ = {isa = PBXFileReference; lastKnownFileType = sourcecode.swift; path = AppDelegate.swift; sourceTree = "<group>"; };
		29ABFEDD23D7A4A500293A78 /* SceneDelegate.swift */ = {isa = PBXFileReference; lastKnownFileType = sourcecode.swift; path = SceneDelegate.swift; sourceTree = "<group>"; };
		29ABFEE023D7A4A500293A78 /* Bookworm.xcdatamodel */ = {isa = PBXFileReference; lastKnownFileType = wrapper.xcdatamodel; path = Bookworm.xcdatamodel; sourceTree = "<group>"; };
		29ABFEE223D7A4A500293A78 /* ContentView.swift */ = {isa = PBXFileReference; lastKnownFileType = sourcecode.swift; path = ContentView.swift; sourceTree = "<group>"; };
		29ABFEE423D7A4A600293A78 /* Assets.xcassets */ = {isa = PBXFileReference; lastKnownFileType = folder.assetcatalog; path = Assets.xcassets; sourceTree = "<group>"; };
		29ABFEE723D7A4A600293A78 /* Preview Assets.xcassets */ = {isa = PBXFileReference; lastKnownFileType = folder.assetcatalog; path = "Preview Assets.xcassets"; sourceTree = "<group>"; };
		29ABFEEA23D7A4A600293A78 /* Base */ = {isa = PBXFileReference; lastKnownFileType = file.storyboard; name = Base; path = Base.lproj/LaunchScreen.storyboard; sourceTree = "<group>"; };
		29ABFEEC23D7A4A600293A78 /* Info.plist */ = {isa = PBXFileReference; lastKnownFileType = text.plist.xml; path = Info.plist; sourceTree = "<group>"; };
		29ABFEF223D7A58300293A78 /* MyPlayground.playground */ = {isa = PBXFileReference; lastKnownFileType = file.playground; path = MyPlayground.playground; sourceTree = "<group>"; xcLanguageSpecificationIdentifier = xcode.lang.swift; };
		69741B7523DBAA2B002C5EA3 /* RatingView.swift */ = {isa = PBXFileReference; lastKnownFileType = sourcecode.swift; path = RatingView.swift; sourceTree = "<group>"; };
		69741B7723DBC023002C5EA3 /* EmojiRatingView.swift */ = {isa = PBXFileReference; lastKnownFileType = sourcecode.swift; path = EmojiRatingView.swift; sourceTree = "<group>"; };
		6977F0F023DB7E9D006E1A97 /* AddBookView.swift */ = {isa = PBXFileReference; lastKnownFileType = sourcecode.swift; path = AddBookView.swift; sourceTree = "<group>"; };
		69CCA04423DDC4870060020D /* DetailView.swift */ = {isa = PBXFileReference; lastKnownFileType = sourcecode.swift; path = DetailView.swift; sourceTree = "<group>"; };
/* End PBXFileReference section */

/* Begin PBXFrameworksBuildPhase section */
		29ABFED523D7A4A500293A78 /* Frameworks */ = {
			isa = PBXFrameworksBuildPhase;
			buildActionMask = 2147483647;
			files = (
			);
			runOnlyForDeploymentPostprocessing = 0;
		};
/* End PBXFrameworksBuildPhase section */

/* Begin PBXGroup section */
		29ABFECF23D7A4A500293A78 = {
			isa = PBXGroup;
			children = (
				29ABFEDA23D7A4A500293A78 /* Bookworm */,
				29ABFED923D7A4A500293A78 /* Products */,
			);
			sourceTree = "<group>";
		};
		29ABFED923D7A4A500293A78 /* Products */ = {
			isa = PBXGroup;
			children = (
				29ABFED823D7A4A500293A78 /* Bookworm.app */,
			);
			name = Products;
			sourceTree = "<group>";
		};
		29ABFEDA23D7A4A500293A78 /* Bookworm */ = {
			isa = PBXGroup;
			children = (
				29ABFEDB23D7A4A500293A78 /* AppDelegate.swift */,
				6977F0F023DB7E9D006E1A97 /* AddBookView.swift */,
				29ABFEDD23D7A4A500293A78 /* SceneDelegate.swift */,
				29ABFEE223D7A4A500293A78 /* ContentView.swift */,
				69CCA04423DDC4870060020D /* DetailView.swift */,
				69741B7723DBC023002C5EA3 /* EmojiRatingView.swift */,
				69741B7523DBAA2B002C5EA3 /* RatingView.swift */,
				29ABFEE423D7A4A600293A78 /* Assets.xcassets */,
				29ABFEE923D7A4A600293A78 /* LaunchScreen.storyboard */,
				29ABFEEC23D7A4A600293A78 /* Info.plist */,
				29ABFEDF23D7A4A500293A78 /* Bookworm.xcdatamodeld */,
				29ABFEF223D7A58300293A78 /* MyPlayground.playground */,
				29ABFEE623D7A4A600293A78 /* Preview Content */,
			);
			path = Bookworm;
			sourceTree = "<group>";
		};
		29ABFEE623D7A4A600293A78 /* Preview Content */ = {
			isa = PBXGroup;
			children = (
				29ABFEE723D7A4A600293A78 /* Preview Assets.xcassets */,
			);
			path = "Preview Content";
			sourceTree = "<group>";
		};
/* End PBXGroup section */

/* Begin PBXNativeTarget section */
		29ABFED723D7A4A500293A78 /* Bookworm */ = {
			isa = PBXNativeTarget;
			buildConfigurationList = 29ABFEEF23D7A4A600293A78 /* Build configuration list for PBXNativeTarget "Bookworm" */;
			buildPhases = (
				29ABFED423D7A4A500293A78 /* Sources */,
				29ABFED523D7A4A500293A78 /* Frameworks */,
				29ABFED623D7A4A500293A78 /* Resources */,
			);
			buildRules = (
			);
			dependencies = (
			);
			name = Bookworm;
			productName = Bookworm;
			productReference = 29ABFED823D7A4A500293A78 /* Bookworm.app */;
			productType = "com.apple.product-type.application";
		};
/* End PBXNativeTarget section */

/* Begin PBXProject section */
		29ABFED023D7A4A500293A78 /* Project object */ = {
			isa = PBXProject;
			attributes = {
				LastSwiftUpdateCheck = 1130;
				LastUpgradeCheck = 1130;
				ORGANIZATIONNAME = "Bosco Ybarra";
				TargetAttributes = {
					29ABFED723D7A4A500293A78 = {
						CreatedOnToolsVersion = 11.3;
					};
				};
			};
			buildConfigurationList = 29ABFED323D7A4A500293A78 /* Build configuration list for PBXProject "Bookworm" */;
			compatibilityVersion = "Xcode 9.3";
			developmentRegion = en;
			hasScannedForEncodings = 0;
			knownRegions = (
				en,
				Base,
			);
			mainGroup = 29ABFECF23D7A4A500293A78;
			productRefGroup = 29ABFED923D7A4A500293A78 /* Products */;
			projectDirPath = "";
			projectRoot = "";
			targets = (
				29ABFED723D7A4A500293A78 /* Bookworm */,
			);
		};
/* End PBXProject section */

/* Begin PBXResourcesBuildPhase section */
		29ABFED623D7A4A500293A78 /* Resources */ = {
			isa = PBXResourcesBuildPhase;
			buildActionMask = 2147483647;
			files = (
				29ABFEEB23D7A4A600293A78 /* LaunchScreen.storyboard in Resources */,
				29ABFEE823D7A4A600293A78 /* Preview Assets.xcassets in Resources */,
				29ABFEE523D7A4A600293A78 /* Assets.xcassets in Resources */,
			);
			runOnlyForDeploymentPostprocessing = 0;
		};
/* End PBXResourcesBuildPhase section */

/* Begin PBXSourcesBuildPhase section */
		29ABFED423D7A4A500293A78 /* Sources */ = {
			isa = PBXSourcesBuildPhase;
			buildActionMask = 2147483647;
			files = (
				29ABFEDC23D7A4A500293A78 /* AppDelegate.swift in Sources */,
				69CCA04523DDC4870060020D /* DetailView.swift in Sources */,
				29ABFEE123D7A4A500293A78 /* Bookworm.xcdatamodeld in Sources */,
				69741B7823DBC023002C5EA3 /* EmojiRatingView.swift in Sources */,
				29ABFEE323D7A4A500293A78 /* ContentView.swift in Sources */,
				69741B7623DBAA2B002C5EA3 /* RatingView.swift in Sources */,
				29ABFEDE23D7A4A500293A78 /* SceneDelegate.swift in Sources */,
				6977F0F123DB7E9D006E1A97 /* AddBookView.swift in Sources */,
			);
			runOnlyForDeploymentPostprocessing = 0;
		};
/* End PBXSourcesBuildPhase section */

/* Begin PBXVariantGroup section */
		29ABFEE923D7A4A600293A78 /* LaunchScreen.storyboard */ = {
			isa = PBXVariantGroup;
			children = (
				29ABFEEA23D7A4A600293A78 /* Base */,
			);
			name = LaunchScreen.storyboard;
			sourceTree = "<group>";
		};
/* End PBXVariantGroup section */

/* Begin XCBuildConfiguration section */
		29ABFEED23D7A4A600293A78 /* Debug */ = {
			isa = XCBuildConfiguration;
			buildSettings = {
				ALWAYS_SEARCH_USER_PATHS = NO;
				CLANG_ANALYZER_NONNULL = YES;
				CLANG_ANALYZER_NUMBER_OBJECT_CONVERSION = YES_AGGRESSIVE;
				CLANG_CXX_LANGUAGE_STANDARD = "gnu++14";
				CLANG_CXX_LIBRARY = "libc++";
				CLANG_ENABLE_MODULES = YES;
				CLANG_ENABLE_OBJC_ARC = YES;
				CLANG_ENABLE_OBJC_WEAK = YES;
				CLANG_WARN_BLOCK_CAPTURE_AUTORELEASING = YES;
				CLANG_WARN_BOOL_CONVERSION = YES;
				CLANG_WARN_COMMA = YES;
				CLANG_WARN_CONSTANT_CONVERSION = YES;
				CLANG_WARN_DEPRECATED_OBJC_IMPLEMENTATIONS = YES;
				CLANG_WARN_DIRECT_OBJC_ISA_USAGE = YES_ERROR;
				CLANG_WARN_DOCUMENTATION_COMMENTS = YES;
				CLANG_WARN_EMPTY_BODY = YES;
				CLANG_WARN_ENUM_CONVERSION = YES;
				CLANG_WARN_INFINITE_RECURSION = YES;
				CLANG_WARN_INT_CONVERSION = YES;
				CLANG_WARN_NON_LITERAL_NULL_CONVERSION = YES;
				CLANG_WARN_OBJC_IMPLICIT_RETAIN_SELF = YES;
				CLANG_WARN_OBJC_LITERAL_CONVERSION = YES;
				CLANG_WARN_OBJC_ROOT_CLASS = YES_ERROR;
				CLANG_WARN_RANGE_LOOP_ANALYSIS = YES;
				CLANG_WARN_STRICT_PROTOTYPES = YES;
				CLANG_WARN_SUSPICIOUS_MOVE = YES;
				CLANG_WARN_UNGUARDED_AVAILABILITY = YES_AGGRESSIVE;
				CLANG_WARN_UNREACHABLE_CODE = YES;
				CLANG_WARN__DUPLICATE_METHOD_MATCH = YES;
				COPY_PHASE_STRIP = NO;
				DEBUG_INFORMATION_FORMAT = dwarf;
				ENABLE_STRICT_OBJC_MSGSEND = YES;
				ENABLE_TESTABILITY = YES;
				GCC_C_LANGUAGE_STANDARD = gnu11;
				GCC_DYNAMIC_NO_PIC = NO;
				GCC_NO_COMMON_BLOCKS = YES;
				GCC_OPTIMIZATION_LEVEL = 0;
				GCC_PREPROCESSOR_DEFINITIONS = (
					"DEBUG=1",
					"$(inherited)",
				);
				GCC_WARN_64_TO_32_BIT_CONVERSION = YES;
				GCC_WARN_ABOUT_RETURN_TYPE = YES_ERROR;
				GCC_WARN_UNDECLARED_SELECTOR = YES;
				GCC_WARN_UNINITIALIZED_AUTOS = YES_AGGRESSIVE;
				GCC_WARN_UNUSED_FUNCTION = YES;
				GCC_WARN_UNUSED_VARIABLE = YES;
				IPHONEOS_DEPLOYMENT_TARGET = 13.2;
				MTL_ENABLE_DEBUG_INFO = INCLUDE_SOURCE;
				MTL_FAST_MATH = YES;
				ONLY_ACTIVE_ARCH = YES;
				SDKROOT = iphoneos;
				SWIFT_ACTIVE_COMPILATION_CONDITIONS = DEBUG;
				SWIFT_OPTIMIZATION_LEVEL = "-Onone";
			};
			name = Debug;
		};
		29ABFEEE23D7A4A600293A78 /* Release */ = {
			isa = XCBuildConfiguration;
			buildSettings = {
				ALWAYS_SEARCH_USER_PATHS = NO;
				CLANG_ANALYZER_NONNULL = YES;
				CLANG_ANALYZER_NUMBER_OBJECT_CONVERSION = YES_AGGRESSIVE;
				CLANG_CXX_LANGUAGE_STANDARD = "gnu++14";
				CLANG_CXX_LIBRARY = "libc++";
				CLANG_ENABLE_MODULES = YES;
				CLANG_ENABLE_OBJC_ARC = YES;
				CLANG_ENABLE_OBJC_WEAK = YES;
				CLANG_WARN_BLOCK_CAPTURE_AUTORELEASING = YES;
				CLANG_WARN_BOOL_CONVERSION = YES;
				CLANG_WARN_COMMA = YES;
				CLANG_WARN_CONSTANT_CONVERSION = YES;
				CLANG_WARN_DEPRECATED_OBJC_IMPLEMENTATIONS = YES;
				CLANG_WARN_DIRECT_OBJC_ISA_USAGE = YES_ERROR;
				CLANG_WARN_DOCUMENTATION_COMMENTS = YES;
				CLANG_WARN_EMPTY_BODY = YES;
				CLANG_WARN_ENUM_CONVERSION = YES;
				CLANG_WARN_INFINITE_RECURSION = YES;
				CLANG_WARN_INT_CONVERSION = YES;
				CLANG_WARN_NON_LITERAL_NULL_CONVERSION = YES;
				CLANG_WARN_OBJC_IMPLICIT_RETAIN_SELF = YES;
				CLANG_WARN_OBJC_LITERAL_CONVERSION = YES;
				CLANG_WARN_OBJC_ROOT_CLASS = YES_ERROR;
				CLANG_WARN_RANGE_LOOP_ANALYSIS = YES;
				CLANG_WARN_STRICT_PROTOTYPES = YES;
				CLANG_WARN_SUSPICIOUS_MOVE = YES;
				CLANG_WARN_UNGUARDED_AVAILABILITY = YES_AGGRESSIVE;
				CLANG_WARN_UNREACHABLE_CODE = YES;
				CLANG_WARN__DUPLICATE_METHOD_MATCH = YES;
				COPY_PHASE_STRIP = NO;
				DEBUG_INFORMATION_FORMAT = "dwarf-with-dsym";
				ENABLE_NS_ASSERTIONS = NO;
				ENABLE_STRICT_OBJC_MSGSEND = YES;
				GCC_C_LANGUAGE_STANDARD = gnu11;
				GCC_NO_COMMON_BLOCKS = YES;
				GCC_WARN_64_TO_32_BIT_CONVERSION = YES;
				GCC_WARN_ABOUT_RETURN_TYPE = YES_ERROR;
				GCC_WARN_UNDECLARED_SELECTOR = YES;
				GCC_WARN_UNINITIALIZED_AUTOS = YES_AGGRESSIVE;
				GCC_WARN_UNUSED_FUNCTION = YES;
				GCC_WARN_UNUSED_VARIABLE = YES;
				IPHONEOS_DEPLOYMENT_TARGET = 13.2;
				MTL_ENABLE_DEBUG_INFO = NO;
				MTL_FAST_MATH = YES;
				SDKROOT = iphoneos;
				SWIFT_COMPILATION_MODE = wholemodule;
				SWIFT_OPTIMIZATION_LEVEL = "-O";
				VALIDATE_PRODUCT = YES;
			};
			name = Release;
		};
		29ABFEF023D7A4A600293A78 /* Debug */ = {
			isa = XCBuildConfiguration;
			buildSettings = {
				ASSETCATALOG_COMPILER_APPICON_NAME = AppIcon;
				CODE_SIGN_STYLE = Automatic;
				DEVELOPMENT_ASSET_PATHS = "\"Bookworm/Preview Content\"";
				DEVELOPMENT_TEAM = 3MGE8K5YK5;
				ENABLE_PREVIEWS = YES;
				INFOPLIST_FILE = Bookworm/Info.plist;
				LD_RUNPATH_SEARCH_PATHS = (
					"$(inherited)",
					"@executable_path/Frameworks",
				);
				PRODUCT_BUNDLE_IDENTIFIER = io.ybarra.Bookworm;
				PRODUCT_NAME = "$(TARGET_NAME)";
				SWIFT_VERSION = 5.0;
				TARGETED_DEVICE_FAMILY = "1,2";
			};
			name = Debug;
		};
		29ABFEF123D7A4A600293A78 /* Release */ = {
			isa = XCBuildConfiguration;
			buildSettings = {
				ASSETCATALOG_COMPILER_APPICON_NAME = AppIcon;
				CODE_SIGN_STYLE = Automatic;
				DEVELOPMENT_ASSET_PATHS = "\"Bookworm/Preview Content\"";
				DEVELOPMENT_TEAM = 3MGE8K5YK5;
				ENABLE_PREVIEWS = YES;
				INFOPLIST_FILE = Bookworm/Info.plist;
				LD_RUNPATH_SEARCH_PATHS = (
					"$(inherited)",
					"@executable_path/Frameworks",
				);
				PRODUCT_BUNDLE_IDENTIFIER = io.ybarra.Bookworm;
				PRODUCT_NAME = "$(TARGET_NAME)";
				SWIFT_VERSION = 5.0;
				TARGETED_DEVICE_FAMILY = "1,2";
			};
			name = Release;
		};
/* End XCBuildConfiguration section */

/* Begin XCConfigurationList section */
		29ABFED323D7A4A500293A78 /* Build configuration list for PBXProject "Bookworm" */ = {
			isa = XCConfigurationList;
			buildConfigurations = (
				29ABFEED23D7A4A600293A78 /* Debug */,
				29ABFEEE23D7A4A600293A78 /* Release */,
			);
			defaultConfigurationIsVisible = 0;
			defaultConfigurationName = Release;
		};
		29ABFEEF23D7A4A600293A78 /* Build configuration list for PBXNativeTarget "Bookworm" */ = {
			isa = XCConfigurationList;
			buildConfigurations = (
				29ABFEF023D7A4A600293A78 /* Debug */,
				29ABFEF123D7A4A600293A78 /* Release */,
			);
			defaultConfigurationIsVisible = 0;
			defaultConfigurationName = Release;
		};
/* End XCConfigurationList section */

/* Begin XCVersionGroup section */
		29ABFEDF23D7A4A500293A78 /* Bookworm.xcdatamodeld */ = {
			isa = XCVersionGroup;
			children = (
				29ABFEE023D7A4A500293A78 /* Bookworm.xcdatamodel */,
			);
			currentVersion = 29ABFEE023D7A4A500293A78 /* Bookworm.xcdatamodel */;
			path = Bookworm.xcdatamodeld;
			sourceTree = "<group>";
			versionGroupType = wrapper.xcdatamodel;
		};
/* End XCVersionGroup section */
	};
	rootObject = 29ABFED023D7A4A500293A78 /* Project object */;
}
