// !$*UTF8*$!
{
	archiveVersion = 1;
	classes = {
	};
	objectVersion = 50;
	objects = {

/* Begin PBXBuildFile section */
		29C20CD123A3FC3000669605 /* AppDelegate.swift in Sources */ = {isa = PBXBuildFile; fileRef = 29C20CD023A3FC3000669605 /* AppDelegate.swift */; };
		29C20CD323A3FC3000669605 /* SceneDelegate.swift in Sources */ = {isa = PBXBuildFile; fileRef = 29C20CD223A3FC3000669605 /* SceneDelegate.swift */; };
		29C20CD523A3FC3000669605 /* ContentView.swift in Sources */ = {isa = PBXBuildFile; fileRef = 29C20CD423A3FC3000669605 /* ContentView.swift */; };
		29C20CD723A3FC3400669605 /* Assets.xcassets in Resources */ = {isa = PBXBuildFile; fileRef = 29C20CD623A3FC3400669605 /* Assets.xcassets */; };
		29C20CDA23A3FC3400669605 /* Preview Assets.xcassets in Resources */ = {isa = PBXBuildFile; fileRef = 29C20CD923A3FC3400669605 /* Preview Assets.xcassets */; };
		29C20CDD23A3FC3400669605 /* LaunchScreen.storyboard in Resources */ = {isa = PBXBuildFile; fileRef = 29C20CDB23A3FC3400669605 /* LaunchScreen.storyboard */; };
/* End PBXBuildFile section */

/* Begin PBXFileReference section */
		29C20CCD23A3FC3000669605 /* UnitToUnits.app */ = {isa = PBXFileReference; explicitFileType = wrapper.application; includeInIndex = 0; path = UnitToUnits.app; sourceTree = BUILT_PRODUCTS_DIR; };
		29C20CD023A3FC3000669605 /* AppDelegate.swift */ = {isa = PBXFileReference; lastKnownFileType = sourcecode.swift; path = AppDelegate.swift; sourceTree = "<group>"; };
		29C20CD223A3FC3000669605 /* SceneDelegate.swift */ = {isa = PBXFileReference; lastKnownFileType = sourcecode.swift; path = SceneDelegate.swift; sourceTree = "<group>"; };
		29C20CD423A3FC3000669605 /* ContentView.swift */ = {isa = PBXFileReference; lastKnownFileType = sourcecode.swift; path = ContentView.swift; sourceTree = "<group>"; };
		29C20CD623A3FC3400669605 /* Assets.xcassets */ = {isa = PBXFileReference; lastKnownFileType = folder.assetcatalog; path = Assets.xcassets; sourceTree = "<group>"; };
		29C20CD923A3FC3400669605 /* Preview Assets.xcassets */ = {isa = PBXFileReference; lastKnownFileType = folder.assetcatalog; path = "Preview Assets.xcassets"; sourceTree = "<group>"; };
		29C20CDC23A3FC3400669605 /* Base */ = {isa = PBXFileReference; lastKnownFileType = file.storyboard; name = Base; path = Base.lproj/LaunchScreen.storyboard; sourceTree = "<group>"; };
		29C20CDE23A3FC3400669605 /* Info.plist */ = {isa = PBXFileReference; lastKnownFileType = text.plist.xml; path = Info.plist; sourceTree = "<group>"; };
/* End PBXFileReference section */

/* Begin PBXFrameworksBuildPhase section */
		29C20CCA23A3FC3000669605 /* Frameworks */ = {
			isa = PBXFrameworksBuildPhase;
			buildActionMask = 2147483647;
			files = (
			);
			runOnlyForDeploymentPostprocessing = 0;
		};
/* End PBXFrameworksBuildPhase section */

/* Begin PBXGroup section */
		29C20CC423A3FC3000669605 = {
			isa = PBXGroup;
			children = (
				29C20CCF23A3FC3000669605 /* UnitToUnits */,
				29C20CCE23A3FC3000669605 /* Products */,
			);
			sourceTree = "<group>";
		};
		29C20CCE23A3FC3000669605 /* Products */ = {
			isa = PBXGroup;
			children = (
				29C20CCD23A3FC3000669605 /* UnitToUnits.app */,
			);
			name = Products;
			sourceTree = "<group>";
		};
		29C20CCF23A3FC3000669605 /* UnitToUnits */ = {
			isa = PBXGroup;
			children = (
				29C20CD023A3FC3000669605 /* AppDelegate.swift */,
				29C20CD223A3FC3000669605 /* SceneDelegate.swift */,
				29C20CD423A3FC3000669605 /* ContentView.swift */,
				29C20CD623A3FC3400669605 /* Assets.xcassets */,
				29C20CDB23A3FC3400669605 /* LaunchScreen.storyboard */,
				29C20CDE23A3FC3400669605 /* Info.plist */,
				29C20CD823A3FC3400669605 /* Preview Content */,
			);
			path = UnitToUnits;
			sourceTree = "<group>";
		};
		29C20CD823A3FC3400669605 /* Preview Content */ = {
			isa = PBXGroup;
			children = (
				29C20CD923A3FC3400669605 /* Preview Assets.xcassets */,
			);
			path = "Preview Content";
			sourceTree = "<group>";
		};
/* End PBXGroup section */

/* Begin PBXNativeTarget section */
		29C20CCC23A3FC3000669605 /* UnitToUnits */ = {
			isa = PBXNativeTarget;
			buildConfigurationList = 29C20CE123A3FC3400669605 /* Build configuration list for PBXNativeTarget "UnitToUnits" */;
			buildPhases = (
				29C20CC923A3FC3000669605 /* Sources */,
				29C20CCA23A3FC3000669605 /* Frameworks */,
				29C20CCB23A3FC3000669605 /* Resources */,
			);
			buildRules = (
			);
			dependencies = (
			);
			name = UnitToUnits;
			productName = UnitToUnits;
			productReference = 29C20CCD23A3FC3000669605 /* UnitToUnits.app */;
			productType = "com.apple.product-type.application";
		};
/* End PBXNativeTarget section */

/* Begin PBXProject section */
		29C20CC523A3FC3000669605 /* Project object */ = {
			isa = PBXProject;
			attributes = {
				LastSwiftUpdateCheck = 1120;
				LastUpgradeCheck = 1120;
				ORGANIZATIONNAME = "Bosco Ybarra";
				TargetAttributes = {
					29C20CCC23A3FC3000669605 = {
						CreatedOnToolsVersion = 11.2.1;
					};
				};
			};
			buildConfigurationList = 29C20CC823A3FC3000669605 /* Build configuration list for PBXProject "UnitToUnits" */;
			compatibilityVersion = "Xcode 9.3";
			developmentRegion = en;
			hasScannedForEncodings = 0;
			knownRegions = (
				en,
				Base,
			);
			mainGroup = 29C20CC423A3FC3000669605;
			productRefGroup = 29C20CCE23A3FC3000669605 /* Products */;
			projectDirPath = "";
			projectRoot = "";
			targets = (
				29C20CCC23A3FC3000669605 /* UnitToUnits */,
			);
		};
/* End PBXProject section */

/* Begin PBXResourcesBuildPhase section */
		29C20CCB23A3FC3000669605 /* Resources */ = {
			isa = PBXResourcesBuildPhase;
			buildActionMask = 2147483647;
			files = (
				29C20CDD23A3FC3400669605 /* LaunchScreen.storyboard in Resources */,
				29C20CDA23A3FC3400669605 /* Preview Assets.xcassets in Resources */,
				29C20CD723A3FC3400669605 /* Assets.xcassets in Resources */,
			);
			runOnlyForDeploymentPostprocessing = 0;
		};
/* End PBXResourcesBuildPhase section */

/* Begin PBXSourcesBuildPhase section */
		29C20CC923A3FC3000669605 /* Sources */ = {
			isa = PBXSourcesBuildPhase;
			buildActionMask = 2147483647;
			files = (
				29C20CD123A3FC3000669605 /* AppDelegate.swift in Sources */,
				29C20CD323A3FC3000669605 /* SceneDelegate.swift in Sources */,
				29C20CD523A3FC3000669605 /* ContentView.swift in Sources */,
			);
			runOnlyForDeploymentPostprocessing = 0;
		};
/* End PBXSourcesBuildPhase section */

/* Begin PBXVariantGroup section */
		29C20CDB23A3FC3400669605 /* LaunchScreen.storyboard */ = {
			isa = PBXVariantGroup;
			children = (
				29C20CDC23A3FC3400669605 /* Base */,
			);
			name = LaunchScreen.storyboard;
			sourceTree = "<group>";
		};
/* End PBXVariantGroup section */

/* Begin XCBuildConfiguration section */
		29C20CDF23A3FC3400669605 /* Debug */ = {
			isa = XCBuildConfiguration;
			buildSettings = {
				ALWAYS_SEARCH_USER_PATHS = NO;
				CLANG_ANALYZER_NONNULL = YES;
				CLANG_ANALYZER_NUMBER_OBJECT_CONVERSION = YES_AGGRESSIVE;
				CLANG_CXX_LANGUAGE_STANDARD = "gnu++14";
				CLANG_CXX_LIBRARY = "libc++";
				CLANG_ENABLE_MODULES = YES;
				CLANG_ENABLE_OBJC_ARC = YES;
				CLANG_ENABLE_OBJC_WEAK = YES;
				CLANG_WARN_BLOCK_CAPTURE_AUTORELEASING = YES;
				CLANG_WARN_BOOL_CONVERSION = YES;
				CLANG_WARN_COMMA = YES;
				CLANG_WARN_CONSTANT_CONVERSION = YES;
				CLANG_WARN_DEPRECATED_OBJC_IMPLEMENTATIONS = YES;
				CLANG_WARN_DIRECT_OBJC_ISA_USAGE = YES_ERROR;
				CLANG_WARN_DOCUMENTATION_COMMENTS = YES;
				CLANG_WARN_EMPTY_BODY = YES;
				CLANG_WARN_ENUM_CONVERSION = YES;
				CLANG_WARN_INFINITE_RECURSION = YES;
				CLANG_WARN_INT_CONVERSION = YES;
				CLANG_WARN_NON_LITERAL_NULL_CONVERSION = YES;
				CLANG_WARN_OBJC_IMPLICIT_RETAIN_SELF = YES;
				CLANG_WARN_OBJC_LITERAL_CONVERSION = YES;
				CLANG_WARN_OBJC_ROOT_CLASS = YES_ERROR;
				CLANG_WARN_RANGE_LOOP_ANALYSIS = YES;
				CLANG_WARN_STRICT_PROTOTYPES = YES;
				CLANG_WARN_SUSPICIOUS_MOVE = YES;
				CLANG_WARN_UNGUARDED_AVAILABILITY = YES_AGGRESSIVE;
				CLANG_WARN_UNREACHABLE_CODE = YES;
				CLANG_WARN__DUPLICATE_METHOD_MATCH = YES;
				COPY_PHASE_STRIP = NO;
				DEBUG_INFORMATION_FORMAT = dwarf;
				ENABLE_STRICT_OBJC_MSGSEND = YES;
				ENABLE_TESTABILITY = YES;
				GCC_C_LANGUAGE_STANDARD = gnu11;
				GCC_DYNAMIC_NO_PIC = NO;
				GCC_NO_COMMON_BLOCKS = YES;
				GCC_OPTIMIZATION_LEVEL = 0;
				GCC_PREPROCESSOR_DEFINITIONS = (
					"DEBUG=1",
					"$(inherited)",
				);
				GCC_WARN_64_TO_32_BIT_CONVERSION = YES;
				GCC_WARN_ABOUT_RETURN_TYPE = YES_ERROR;
				GCC_WARN_UNDECLARED_SELECTOR = YES;
				GCC_WARN_UNINITIALIZED_AUTOS = YES_AGGRESSIVE;
				GCC_WARN_UNUSED_FUNCTION = YES;
				GCC_WARN_UNUSED_VARIABLE = YES;
				IPHONEOS_DEPLOYMENT_TARGET = 13.2;
				MTL_ENABLE_DEBUG_INFO = INCLUDE_SOURCE;
				MTL_FAST_MATH = YES;
				ONLY_ACTIVE_ARCH = YES;
				SDKROOT = iphoneos;
				SWIFT_ACTIVE_COMPILATION_CONDITIONS = DEBUG;
				SWIFT_OPTIMIZATION_LEVEL = "-Onone";
			};
			name = Debug;
		};
		29C20CE023A3FC3400669605 /* Release */ = {
			isa = XCBuildConfiguration;
			buildSettings = {
				ALWAYS_SEARCH_USER_PATHS = NO;
				CLANG_ANALYZER_NONNULL = YES;
				CLANG_ANALYZER_NUMBER_OBJECT_CONVERSION = YES_AGGRESSIVE;
				CLANG_CXX_LANGUAGE_STANDARD = "gnu++14";
				CLANG_CXX_LIBRARY = "libc++";
				CLANG_ENABLE_MODULES = YES;
				CLANG_ENABLE_OBJC_ARC = YES;
				CLANG_ENABLE_OBJC_WEAK = YES;
				CLANG_WARN_BLOCK_CAPTURE_AUTORELEASING = YES;
				CLANG_WARN_BOOL_CONVERSION = YES;
				CLANG_WARN_COMMA = YES;
				CLANG_WARN_CONSTANT_CONVERSION = YES;
				CLANG_WARN_DEPRECATED_OBJC_IMPLEMENTATIONS = YES;
				CLANG_WARN_DIRECT_OBJC_ISA_USAGE = YES_ERROR;
				CLANG_WARN_DOCUMENTATION_COMMENTS = YES;
				CLANG_WARN_EMPTY_BODY = YES;
				CLANG_WARN_ENUM_CONVERSION = YES;
				CLANG_WARN_INFINITE_RECURSION = YES;
				CLANG_WARN_INT_CONVERSION = YES;
				CLANG_WARN_NON_LITERAL_NULL_CONVERSION = YES;
				CLANG_WARN_OBJC_IMPLICIT_RETAIN_SELF = YES;
				CLANG_WARN_OBJC_LITERAL_CONVERSION = YES;
				CLANG_WARN_OBJC_ROOT_CLASS = YES_ERROR;
				CLANG_WARN_RANGE_LOOP_ANALYSIS = YES;
				CLANG_WARN_STRICT_PROTOTYPES = YES;
				CLANG_WARN_SUSPICIOUS_MOVE = YES;
				CLANG_WARN_UNGUARDED_AVAILABILITY = YES_AGGRESSIVE;
				CLANG_WARN_UNREACHABLE_CODE = YES;
				CLANG_WARN__DUPLICATE_METHOD_MATCH = YES;
				COPY_PHASE_STRIP = NO;
				DEBUG_INFORMATION_FORMAT = "dwarf-with-dsym";
				ENABLE_NS_ASSERTIONS = NO;
				ENABLE_STRICT_OBJC_MSGSEND = YES;
				GCC_C_LANGUAGE_STANDARD = gnu11;
				GCC_NO_COMMON_BLOCKS = YES;
				GCC_WARN_64_TO_32_BIT_CONVERSION = YES;
				GCC_WARN_ABOUT_RETURN_TYPE = YES_ERROR;
				GCC_WARN_UNDECLARED_SELECTOR = YES;
				GCC_WARN_UNINITIALIZED_AUTOS = YES_AGGRESSIVE;
				GCC_WARN_UNUSED_FUNCTION = YES;
				GCC_WARN_UNUSED_VARIABLE = YES;
				IPHONEOS_DEPLOYMENT_TARGET = 13.2;
				MTL_ENABLE_DEBUG_INFO = NO;
				MTL_FAST_MATH = YES;
				SDKROOT = iphoneos;
				SWIFT_COMPILATION_MODE = wholemodule;
				SWIFT_OPTIMIZATION_LEVEL = "-O";
				VALIDATE_PRODUCT = YES;
			};
			name = Release;
		};
		29C20CE223A3FC3400669605 /* Debug */ = {
			isa = XCBuildConfiguration;
			buildSettings = {
				ASSETCATALOG_COMPILER_APPICON_NAME = AppIcon;
				CODE_SIGN_STYLE = Automatic;
				DEVELOPMENT_ASSET_PATHS = "\"UnitToUnits/Preview Content\"";
				DEVELOPMENT_TEAM = 3MGE8K5YK5;
				ENABLE_PREVIEWS = YES;
				INFOPLIST_FILE = UnitToUnits/Info.plist;
				LD_RUNPATH_SEARCH_PATHS = (
					"$(inherited)",
					"@executable_path/Frameworks",
				);
				PRODUCT_BUNDLE_IDENTIFIER = io.ybarra.UnitToUnits;
				PRODUCT_NAME = "$(TARGET_NAME)";
				SWIFT_VERSION = 5.0;
				TARGETED_DEVICE_FAMILY = "1,2";
			};
			name = Debug;
		};
		29C20CE323A3FC3400669605 /* Release */ = {
			isa = XCBuildConfiguration;
			buildSettings = {
				ASSETCATALOG_COMPILER_APPICON_NAME = AppIcon;
				CODE_SIGN_STYLE = Automatic;
				DEVELOPMENT_ASSET_PATHS = "\"UnitToUnits/Preview Content\"";
				DEVELOPMENT_TEAM = 3MGE8K5YK5;
				ENABLE_PREVIEWS = YES;
				INFOPLIST_FILE = UnitToUnits/Info.plist;
				LD_RUNPATH_SEARCH_PATHS = (
					"$(inherited)",
					"@executable_path/Frameworks",
				);
				PRODUCT_BUNDLE_IDENTIFIER = io.ybarra.UnitToUnits;
				PRODUCT_NAME = "$(TARGET_NAME)";
				SWIFT_VERSION = 5.0;
				TARGETED_DEVICE_FAMILY = "1,2";
			};
			name = Release;
		};
/* End XCBuildConfiguration section */

/* Begin XCConfigurationList section */
		29C20CC823A3FC3000669605 /* Build configuration list for PBXProject "UnitToUnits" */ = {
			isa = XCConfigurationList;
			buildConfigurations = (
				29C20CDF23A3FC3400669605 /* Debug */,
				29C20CE023A3FC3400669605 /* Release */,
			);
			defaultConfigurationIsVisible = 0;
			defaultConfigurationName = Release;
		};
		29C20CE123A3FC3400669605 /* Build configuration list for PBXNativeTarget "UnitToUnits" */ = {
			isa = XCConfigurationList;
			buildConfigurations = (
				29C20CE223A3FC3400669605 /* Debug */,
				29C20CE323A3FC3400669605 /* Release */,
			);
			defaultConfigurationIsVisible = 0;
			defaultConfigurationName = Release;
		};
/* End XCConfigurationList section */
	};
	rootObject = 29C20CC523A3FC3000669605 /* Project object */;
}
